// !$*UTF8*$!
{
	archiveVersion = 1;
	classes = {
	};
	objectVersion = 46;
	objects = {

/* Begin PBXBuildFile section */
		2FB3526F1C5067AB00DCAAFF /* main.cpp in Sources */ = {isa = PBXBuildFile; fileRef = 2FB3526E1C5067AB00DCAAFF /* main.cpp */; };
/* End PBXBuildFile section */

/* Begin PBXCopyFilesBuildPhase section */
		2FB352691C5067AB00DCAAFF /* CopyFiles */ = {
			isa = PBXCopyFilesBuildPhase;
			buildActionMask = 2147483647;
			dstPath = /usr/share/man/man1/;
			dstSubfolderSpec = 0;
			files = (
			);
			runOnlyForDeploymentPostprocessing = 1;
		};
/* End PBXCopyFilesBuildPhase section */

/* Begin PBXFileReference section */
		2FB3526B1C5067AB00DCAAFF /* Renamer Simulator */ = {isa = PBXFileReference; explicitFileType = "compiled.mach-o.executable"; includeInIndex = 0; path = "Renamer Simulator"; sourceTree = BUILT_PRODUCTS_DIR; };
		2FB3526E1C5067AB00DCAAFF /* main.cpp */ = {isa = PBXFileReference; lastKnownFileType = sourcecode.cpp.cpp; path = main.cpp; sourceTree = "<group>"; };
/* End PBXFileReference section */

/* Begin PBXFrameworksBuildPhase section */
		2FB352681C5067AB00DCAAFF /* Frameworks */ = {
			isa = PBXFrameworksBuildPhase;
			buildActionMask = 2147483647;
			files = (
			);
			runOnlyForDeploymentPostprocessing = 0;
		};
/* End PBXFrameworksBuildPhase section */

/* Begin PBXGroup section */
		2FB352621C5067AB00DCAAFF = {
			isa = PBXGroup;
			children = (
				2FB3526D1C5067AB00DCAAFF /* Renamer Simulator */,
				2FB3526C1C5067AB00DCAAFF /* Products */,
			);
			sourceTree = "<group>";
		};
		2FB3526C1C5067AB00DCAAFF /* Products */ = {
			isa = PBXGroup;
			children = (
				2FB3526B1C5067AB00DCAAFF /* Renamer Simulator */,
			);
			name = Products;
			sourceTree = "<group>";
		};
		2FB3526D1C5067AB00DCAAFF /* Renamer Simulator */ = {
			isa = PBXGroup;
			children = (
				2FB3526E1C5067AB00DCAAFF /* main.cpp */,
			);
			path = "Renamer Simulator";
			sourceTree = "<group>";
		};
/* End PBXGroup section */

/* Begin PBXNativeTarget section */
		2FB3526A1C5067AB00DCAAFF /* Renamer Simulator */ = {
			isa = PBXNativeTarget;
			buildConfigurationList = 2FB352721C5067AB00DCAAFF /* Build configuration list for PBXNativeTarget "Renamer Simulator" */;
			buildPhases = (
				2FB352671C5067AB00DCAAFF /* Sources */,
				2FB352681C5067AB00DCAAFF /* Frameworks */,
				2FB352691C5067AB00DCAAFF /* CopyFiles */,
			);
			buildRules = (
			);
			dependencies = (
			);
			name = "Renamer Simulator";
			productName = "Renamer Simulator";
			productReference = 2FB3526B1C5067AB00DCAAFF /* Renamer Simulator */;
			productType = "com.apple.product-type.tool";
		};
/* End PBXNativeTarget section */

/* Begin PBXProject section */
		2FB352631C5067AB00DCAAFF /* Project object */ = {
			isa = PBXProject;
			attributes = {
				LastUpgradeCheck = 0720;
				ORGANIZATIONNAME = "Arjun Augustine";
				TargetAttributes = {
					2FB3526A1C5067AB00DCAAFF = {
						CreatedOnToolsVersion = 7.2;
					};
				};
			};
			buildConfigurationList = 2FB352661C5067AB00DCAAFF /* Build configuration list for PBXProject "Renamer Simulator" */;
			compatibilityVersion = "Xcode 3.2";
			developmentRegion = English;
			hasScannedForEncodings = 0;
			knownRegions = (
				en,
			);
			mainGroup = 2FB352621C5067AB00DCAAFF;
			productRefGroup = 2FB3526C1C5067AB00DCAAFF /* Products */;
			projectDirPath = "";
			projectRoot = "";
			targets = (
				2FB3526A1C5067AB00DCAAFF /* Renamer Simulator */,
			);
		};
/* End PBXProject section */

/* Begin PBXSourcesBuildPhase section */
		2FB352671C5067AB00DCAAFF /* Sources */ = {
			isa = PBXSourcesBuildPhase;
			buildActionMask = 2147483647;
			files = (
				2FB3526F1C5067AB00DCAAFF /* main.cpp in Sources */,
			);
			runOnlyForDeploymentPostprocessing = 0;
		};
/* End PBXSourcesBuildPhase section */

/* Begin XCBuildConfiguration section */
		2FB352701C5067AB00DCAAFF /* Debug */ = {
			isa = XCBuildConfiguration;
			buildSettings = {
				ALWAYS_SEARCH_USER_PATHS = NO;
				CLANG_CXX_LANGUAGE_STANDARD = "gnu++0x";
				CLANG_CXX_LIBRARY = "libc++";
				CLANG_ENABLE_MODULES = YES;
				CLANG_ENABLE_OBJC_ARC = YES;
				CLANG_WARN_BOOL_CONVERSION = YES;
				CLANG_WARN_CONSTANT_CONVERSION = YES;
				CLANG_WARN_DIRECT_OBJC_ISA_USAGE = YES_ERROR;
				CLANG_WARN_EMPTY_BODY = YES;
				CLANG_WARN_ENUM_CONVERSION = YES;
				CLANG_WARN_INT_CONVERSION = YES;
				CLANG_WARN_OBJC_ROOT_CLASS = YES_ERROR;
				CLANG_WARN_UNREACHABLE_CODE = YES;
				CLANG_WARN__DUPLICATE_METHOD_MATCH = YES;
				CODE_SIGN_IDENTITY = "-";
				COPY_PHASE_STRIP = NO;
				DEBUG_INFORMATION_FORMAT = dwarf;
				ENABLE_STRICT_OBJC_MSGSEND = YES;
				ENABLE_TESTABILITY = YES;
				GCC_C_LANGUAGE_STANDARD = gnu99;
				GCC_DYNAMIC_NO_PIC = NO;
				GCC_NO_COMMON_BLOCKS = YES;
				GCC_OPTIMIZATION_LEVEL = 0;
				GCC_PREPROCESSOR_DEFINITIONS = (
					"DEBUG=1",
					"$(inherited)",
				);
				GCC_WARN_64_TO_32_BIT_CONVERSION = YES;
				GCC_WARN_ABOUT_RETURN_TYPE = YES_ERROR;
				GCC_WARN_UNDECLARED_SELECTOR = YES;
				GCC_WARN_UNINITIALIZED_AUTOS = YES_AGGRESSIVE;
				GCC_WARN_UNUSED_FUNCTION = YES;
				GCC_WARN_UNUSED_VARIABLE = YES;
				MACOSX_DEPLOYMENT_TARGET = 10.11;
				MTL_ENABLE_DEBUG_INFO = YES;
				ONLY_ACTIVE_ARCH = YES;
				SDKROOT = macosx;
			};
			name = Debug;
		};
		2FB352711C5067AB00DCAAFF /* Release */ = {
			isa = XCBuildConfiguration;
			buildSettings = {
				ALWAYS_SEARCH_USER_PATHS = NO;
				CLANG_CXX_LANGUAGE_STANDARD = "gnu++0x";
				CLANG_CXX_LIBRARY = "libc++";
				CLANG_ENABLE_MODULES = YES;
				CLANG_ENABLE_OBJC_ARC = YES;
				CLANG_WARN_BOOL_CONVERSION = YES;
				CLANG_WARN_CONSTANT_CONVERSION = YES;
				CLANG_WARN_DIRECT_OBJC_ISA_USAGE = YES_ERROR;
				CLANG_WARN_EMPTY_BODY = YES;
				CLANG_WARN_ENUM_CONVERSION = YES;
				CLANG_WARN_INT_CONVERSION = YES;
				CLANG_WARN_OBJC_ROOT_CLASS = YES_ERROR;
				CLANG_WARN_UNREACHABLE_CODE = YES;
				CLANG_WARN__DUPLICATE_METHOD_MATCH = YES;
				CODE_SIGN_IDENTITY = "-";
				COPY_PHASE_STRIP = NO;
				DEBUG_INFORMATION_FORMAT = "dwarf-with-dsym";
				ENABLE_NS_ASSERTIONS = NO;
				ENABLE_STRICT_OBJC_MSGSEND = YES;
				GCC_C_LANGUAGE_STANDARD = gnu99;
				GCC_NO_COMMON_BLOCKS = YES;
				GCC_WARN_64_TO_32_BIT_CONVERSION = YES;
				GCC_WARN_ABOUT_RETURN_TYPE = YES_ERROR;
				GCC_WARN_UNDECLARED_SELECTOR = YES;
				GCC_WARN_UNINITIALIZED_AUTOS = YES_AGGRESSIVE;
				GCC_WARN_UNUSED_FUNCTION = YES;
				GCC_WARN_UNUSED_VARIABLE = YES;
				MACOSX_DEPLOYMENT_TARGET = 10.11;
				MTL_ENABLE_DEBUG_INFO = NO;
				SDKROOT = macosx;
			};
			name = Release;
		};
		2FB352731C5067AB00DCAAFF /* Debug */ = {
			isa = XCBuildConfiguration;
			buildSettings = {
				PRODUCT_NAME = "$(TARGET_NAME)";
			};
			name = Debug;
		};
		2FB352741C5067AB00DCAAFF /* Release */ = {
			isa = XCBuildConfiguration;
			buildSettings = {
				PRODUCT_NAME = "$(TARGET_NAME)";
			};
			name = Release;
		};
/* End XCBuildConfiguration section */

/* Begin XCConfigurationList section */
		2FB352661C5067AB00DCAAFF /* Build configuration list for PBXProject "Renamer Simulator" */ = {
			isa = XCConfigurationList;
			buildConfigurations = (
				2FB352701C5067AB00DCAAFF /* Debug */,
				2FB352711C5067AB00DCAAFF /* Release */,
			);
			defaultConfigurationIsVisible = 0;
			defaultConfigurationName = Release;
		};
		2FB352721C5067AB00DCAAFF /* Build configuration list for PBXNativeTarget "Renamer Simulator" */ = {
			isa = XCConfigurationList;
			buildConfigurations = (
				2FB352731C5067AB00DCAAFF /* Debug */,
				2FB352741C5067AB00DCAAFF /* Release */,
			);
			defaultConfigurationIsVisible = 0;
		};
/* End XCConfigurationList section */
	};
	rootObject = 2FB352631C5067AB00DCAAFF /* Project object */;
}
